// !$*UTF8*$!
{
	archiveVersion = 1;
	classes = {
	};
	objectVersion = 46;
	objects = {

/* Begin PBXBuildFile section */
		27503E8F1549B95E00A91059 /* CoreLocation.framework in Frameworks */ = {isa = PBXBuildFile; fileRef = 27503E8E1549B95E00A91059 /* CoreLocation.framework */; };
		279AACBF154921A600AE35C2 /* UIKit.framework in Frameworks */ = {isa = PBXBuildFile; fileRef = 279AACBE154921A600AE35C2 /* UIKit.framework */; };
		279AACC1154921A600AE35C2 /* Foundation.framework in Frameworks */ = {isa = PBXBuildFile; fileRef = 279AACC0154921A600AE35C2 /* Foundation.framework */; };
		279AACC3154921A600AE35C2 /* CoreGraphics.framework in Frameworks */ = {isa = PBXBuildFile; fileRef = 279AACC2154921A600AE35C2 /* CoreGraphics.framework */; };
		279AACC9154921A600AE35C2 /* InfoPlist.strings in Resources */ = {isa = PBXBuildFile; fileRef = 279AACC7154921A600AE35C2 /* InfoPlist.strings */; };
		279AACCB154921A600AE35C2 /* main.m in Sources */ = {isa = PBXBuildFile; fileRef = 279AACCA154921A600AE35C2 /* main.m */; };
		279AACCF154921A600AE35C2 /* MapmaticAppDelegate.m in Sources */ = {isa = PBXBuildFile; fileRef = 279AACCE154921A600AE35C2 /* MapmaticAppDelegate.m */; };
		279AACD2154921A600AE35C2 /* MainWindow.xib in Resources */ = {isa = PBXBuildFile; fileRef = 279AACD0154921A600AE35C2 /* MainWindow.xib */; };
		279AACD5154921A600AE35C2 /* FirstViewController.m in Sources */ = {isa = PBXBuildFile; fileRef = 279AACD4154921A600AE35C2 /* FirstViewController.m */; };
		279AACD8154921A600AE35C2 /* SecondViewController.m in Sources */ = {isa = PBXBuildFile; fileRef = 279AACD7154921A600AE35C2 /* SecondViewController.m */; };
		279AACDB154921A600AE35C2 /* FirstView.xib in Resources */ = {isa = PBXBuildFile; fileRef = 279AACD9154921A600AE35C2 /* FirstView.xib */; };
		279AACDE154921A600AE35C2 /* SecondView.xib in Resources */ = {isa = PBXBuildFile; fileRef = 279AACDC154921A600AE35C2 /* SecondView.xib */; };
/* End PBXBuildFile section */

/* Begin PBXFileReference section */
		27503E8E1549B95E00A91059 /* CoreLocation.framework */ = {isa = PBXFileReference; lastKnownFileType = wrapper.framework; name = CoreLocation.framework; path = System/Library/Frameworks/CoreLocation.framework; sourceTree = SDKROOT; };
		279AACBA154921A600AE35C2 /* Mapmatic.app */ = {isa = PBXFileReference; explicitFileType = wrapper.application; includeInIndex = 0; path = Mapmatic.app; sourceTree = BUILT_PRODUCTS_DIR; };
		279AACBE154921A600AE35C2 /* UIKit.framework */ = {isa = PBXFileReference; lastKnownFileType = wrapper.framework; name = UIKit.framework; path = System/Library/Frameworks/UIKit.framework; sourceTree = SDKROOT; };
		279AACC0154921A600AE35C2 /* Foundation.framework */ = {isa = PBXFileReference; lastKnownFileType = wrapper.framework; name = Foundation.framework; path = System/Library/Frameworks/Foundation.framework; sourceTree = SDKROOT; };
		279AACC2154921A600AE35C2 /* CoreGraphics.framework */ = {isa = PBXFileReference; lastKnownFileType = wrapper.framework; name = CoreGraphics.framework; path = System/Library/Frameworks/CoreGraphics.framework; sourceTree = SDKROOT; };
		279AACC6154921A600AE35C2 /* Mapmatic-Info.plist */ = {isa = PBXFileReference; lastKnownFileType = text.plist.xml; path = "Mapmatic-Info.plist"; sourceTree = "<group>"; };
		279AACC8154921A600AE35C2 /* en */ = {isa = PBXFileReference; lastKnownFileType = text.plist.strings; name = en; path = en.lproj/InfoPlist.strings; sourceTree = "<group>"; };
		279AACCA154921A600AE35C2 /* main.m */ = {isa = PBXFileReference; lastKnownFileType = sourcecode.c.objc; path = main.m; sourceTree = "<group>"; };
		279AACCC154921A600AE35C2 /* Mapmatic-Prefix.pch */ = {isa = PBXFileReference; lastKnownFileType = sourcecode.c.h; path = "Mapmatic-Prefix.pch"; sourceTree = "<group>"; };
		279AACCD154921A600AE35C2 /* MapmaticAppDelegate.h */ = {isa = PBXFileReference; lastKnownFileType = sourcecode.c.h; path = MapmaticAppDelegate.h; sourceTree = "<group>"; };
		279AACCE154921A600AE35C2 /* MapmaticAppDelegate.m */ = {isa = PBXFileReference; lastKnownFileType = sourcecode.c.objc; path = MapmaticAppDelegate.m; sourceTree = "<group>"; };
		279AACD1154921A600AE35C2 /* en */ = {isa = PBXFileReference; lastKnownFileType = file.xib; name = en; path = en.lproj/MainWindow.xib; sourceTree = "<group>"; };
		279AACD3154921A600AE35C2 /* FirstViewController.h */ = {isa = PBXFileReference; lastKnownFileType = sourcecode.c.h; path = FirstViewController.h; sourceTree = "<group>"; };
		279AACD4154921A600AE35C2 /* FirstViewController.m */ = {isa = PBXFileReference; lastKnownFileType = sourcecode.c.objc; path = FirstViewController.m; sourceTree = "<group>"; };
		279AACD6154921A600AE35C2 /* SecondViewController.h */ = {isa = PBXFileReference; lastKnownFileType = sourcecode.c.h; path = SecondViewController.h; sourceTree = "<group>"; };
		279AACD7154921A600AE35C2 /* SecondViewController.m */ = {isa = PBXFileReference; lastKnownFileType = sourcecode.c.objc; path = SecondViewController.m; sourceTree = "<group>"; };
		279AACDA154921A600AE35C2 /* en */ = {isa = PBXFileReference; lastKnownFileType = file.xib; name = en; path = en.lproj/FirstView.xib; sourceTree = "<group>"; };
		279AACDD154921A600AE35C2 /* en */ = {isa = PBXFileReference; lastKnownFileType = file.xib; name = en; path = en.lproj/SecondView.xib; sourceTree = "<group>"; };
/* End PBXFileReference section */

/* Begin PBXFrameworksBuildPhase section */
		279AACB7154921A600AE35C2 /* Frameworks */ = {
			isa = PBXFrameworksBuildPhase;
			buildActionMask = 2147483647;
			files = (
				27503E8F1549B95E00A91059 /* CoreLocation.framework in Frameworks */,
				279AACBF154921A600AE35C2 /* UIKit.framework in Frameworks */,
				279AACC1154921A600AE35C2 /* Foundation.framework in Frameworks */,
				279AACC3154921A600AE35C2 /* CoreGraphics.framework in Frameworks */,
			);
			runOnlyForDeploymentPostprocessing = 0;
		};
/* End PBXFrameworksBuildPhase section */

/* Begin PBXGroup section */
		279AACAF154921A500AE35C2 = {
			isa = PBXGroup;
			children = (
				279AACC4154921A600AE35C2 /* Mapmatic */,
				279AACBD154921A600AE35C2 /* Frameworks */,
				279AACBB154921A600AE35C2 /* Products */,
			);
			sourceTree = "<group>";
		};
		279AACBB154921A600AE35C2 /* Products */ = {
			isa = PBXGroup;
			children = (
				279AACBA154921A600AE35C2 /* Mapmatic.app */,
			);
			name = Products;
			sourceTree = "<group>";
		};
		279AACBD154921A600AE35C2 /* Frameworks */ = {
			isa = PBXGroup;
			children = (
				27503E8E1549B95E00A91059 /* CoreLocation.framework */,
				279AACBE154921A600AE35C2 /* UIKit.framework */,
				279AACC0154921A600AE35C2 /* Foundation.framework */,
				279AACC2154921A600AE35C2 /* CoreGraphics.framework */,
			);
			name = Frameworks;
			sourceTree = "<group>";
		};
		279AACC4154921A600AE35C2 /* Mapmatic */ = {
			isa = PBXGroup;
			children = (
				279AACCD154921A600AE35C2 /* MapmaticAppDelegate.h */,
				279AACCE154921A600AE35C2 /* MapmaticAppDelegate.m */,
				279AACD0154921A600AE35C2 /* MainWindow.xib */,
				279AACD3154921A600AE35C2 /* FirstViewController.h */,
				279AACD4154921A600AE35C2 /* FirstViewController.m */,
				279AACD6154921A600AE35C2 /* SecondViewController.h */,
				279AACD7154921A600AE35C2 /* SecondViewController.m */,
				279AACD9154921A600AE35C2 /* FirstView.xib */,
				279AACDC154921A600AE35C2 /* SecondView.xib */,
				279AACC5154921A600AE35C2 /* Supporting Files */,
			);
			path = Mapmatic;
			sourceTree = "<group>";
		};
		279AACC5154921A600AE35C2 /* Supporting Files */ = {
			isa = PBXGroup;
			children = (
				279AACC6154921A600AE35C2 /* Mapmatic-Info.plist */,
				279AACC7154921A600AE35C2 /* InfoPlist.strings */,
				279AACCA154921A600AE35C2 /* main.m */,
				279AACCC154921A600AE35C2 /* Mapmatic-Prefix.pch */,
			);
			name = "Supporting Files";
			sourceTree = "<group>";
		};
/* End PBXGroup section */

/* Begin PBXNativeTarget section */
		279AACB9154921A600AE35C2 /* Mapmatic */ = {
			isa = PBXNativeTarget;
			buildConfigurationList = 279AACE1154921A600AE35C2 /* Build configuration list for PBXNativeTarget "Mapmatic" */;
			buildPhases = (
				279AACB6154921A600AE35C2 /* Sources */,
				279AACB7154921A600AE35C2 /* Frameworks */,
				279AACB8154921A600AE35C2 /* Resources */,
			);
			buildRules = (
			);
			dependencies = (
			);
			name = Mapmatic;
			productName = Mapmatic;
			productReference = 279AACBA154921A600AE35C2 /* Mapmatic.app */;
			productType = "com.apple.product-type.application";
		};
/* End PBXNativeTarget section */

/* Begin PBXProject section */
		279AACB1154921A500AE35C2 /* Project object */ = {
			isa = PBXProject;
			attributes = {
				LastUpgradeCheck = 0430;
			};
			buildConfigurationList = 279AACB4154921A500AE35C2 /* Build configuration list for PBXProject "Mapmatic" */;
			compatibilityVersion = "Xcode 3.2";
			developmentRegion = English;
			hasScannedForEncodings = 0;
			knownRegions = (
				en,
			);
			mainGroup = 279AACAF154921A500AE35C2;
			productRefGroup = 279AACBB154921A600AE35C2 /* Products */;
			projectDirPath = "";
			projectRoot = "";
			targets = (
				279AACB9154921A600AE35C2 /* Mapmatic */,
			);
		};
/* End PBXProject section */

/* Begin PBXResourcesBuildPhase section */
		279AACB8154921A600AE35C2 /* Resources */ = {
			isa = PBXResourcesBuildPhase;
			buildActionMask = 2147483647;
			files = (
				279AACC9154921A600AE35C2 /* InfoPlist.strings in Resources */,
				279AACD2154921A600AE35C2 /* MainWindow.xib in Resources */,
				279AACDB154921A600AE35C2 /* FirstView.xib in Resources */,
				279AACDE154921A600AE35C2 /* SecondView.xib in Resources */,
			);
			runOnlyForDeploymentPostprocessing = 0;
		};
/* End PBXResourcesBuildPhase section */

/* Begin PBXSourcesBuildPhase section */
		279AACB6154921A600AE35C2 /* Sources */ = {
			isa = PBXSourcesBuildPhase;
			buildActionMask = 2147483647;
			files = (
				279AACCB154921A600AE35C2 /* main.m in Sources */,
				279AACCF154921A600AE35C2 /* MapmaticAppDelegate.m in Sources */,
				279AACD5154921A600AE35C2 /* FirstViewController.m in Sources */,
				279AACD8154921A600AE35C2 /* SecondViewController.m in Sources */,
			);
			runOnlyForDeploymentPostprocessing = 0;
		};
/* End PBXSourcesBuildPhase section */

/* Begin PBXVariantGroup section */
		279AACC7154921A600AE35C2 /* InfoPlist.strings */ = {
			isa = PBXVariantGroup;
			children = (
				279AACC8154921A600AE35C2 /* en */,
			);
			name = InfoPlist.strings;
			sourceTree = "<group>";
		};
		279AACD0154921A600AE35C2 /* MainWindow.xib */ = {
			isa = PBXVariantGroup;
			children = (
				279AACD1154921A600AE35C2 /* en */,
			);
			name = MainWindow.xib;
			sourceTree = "<group>";
		};
		279AACD9154921A600AE35C2 /* FirstView.xib */ = {
			isa = PBXVariantGroup;
			children = (
				279AACDA154921A600AE35C2 /* en */,
			);
			name = FirstView.xib;
			sourceTree = "<group>";
		};
		279AACDC154921A600AE35C2 /* SecondView.xib */ = {
			isa = PBXVariantGroup;
			children = (
				279AACDD154921A600AE35C2 /* en */,
			);
			name = SecondView.xib;
			sourceTree = "<group>";
		};
/* End PBXVariantGroup section */

/* Begin XCBuildConfiguration section */
		279AACDF154921A600AE35C2 /* Debug */ = {
			isa = XCBuildConfiguration;
			buildSettings = {
				ALWAYS_SEARCH_USER_PATHS = NO;
				ARCHS = "$(ARCHS_STANDARD_32_BIT)";
				"CODE_SIGN_IDENTITY[sdk=iphoneos*]" = "iPhone Developer";
				COPY_PHASE_STRIP = NO;
				GCC_C_LANGUAGE_STANDARD = gnu99;
				GCC_DYNAMIC_NO_PIC = NO;
				GCC_OPTIMIZATION_LEVEL = 0;
				GCC_PREPROCESSOR_DEFINITIONS = (
					"DEBUG=1",
					"$(inherited)",
				);
				GCC_SYMBOLS_PRIVATE_EXTERN = NO;
				GCC_VERSION = com.apple.compilers.llvmgcc42;
				GCC_WARN_ABOUT_MISSING_PROTOTYPES = YES;
				GCC_WARN_ABOUT_RETURN_TYPE = YES;
				GCC_WARN_UNUSED_VARIABLE = YES;
				IPHONEOS_DEPLOYMENT_TARGET = 5.0;
				SDKROOT = iphoneos;
			};
			name = Debug;
		};
		279AACE0154921A600AE35C2 /* Release */ = {
			isa = XCBuildConfiguration;
			buildSettings = {
				ALWAYS_SEARCH_USER_PATHS = NO;
				ARCHS = "$(ARCHS_STANDARD_32_BIT)";
				"CODE_SIGN_IDENTITY[sdk=iphoneos*]" = "iPhone Developer";
				COPY_PHASE_STRIP = YES;
				GCC_C_LANGUAGE_STANDARD = gnu99;
				GCC_VERSION = com.apple.compilers.llvmgcc42;
				GCC_WARN_ABOUT_MISSING_PROTOTYPES = YES;
				GCC_WARN_ABOUT_RETURN_TYPE = YES;
				GCC_WARN_UNUSED_VARIABLE = YES;
				IPHONEOS_DEPLOYMENT_TARGET = 5.0;
				OTHER_CFLAGS = "-DNS_BLOCK_ASSERTIONS=1";
				SDKROOT = iphoneos;
				VALIDATE_PRODUCT = YES;
			};
			name = Release;
		};
		279AACE2154921A600AE35C2 /* Debug */ = {
			isa = XCBuildConfiguration;
			buildSettings = {
				GCC_PRECOMPILE_PREFIX_HEADER = YES;
				GCC_PREFIX_HEADER = "Mapmatic/Mapmatic-Prefix.pch";
				GCC_VERSION = com.apple.compilers.llvm.clang.1_0;
				INFOPLIST_FILE = "Mapmatic/Mapmatic-Info.plist";
				PRODUCT_NAME = "$(TARGET_NAME)";
				WRAPPER_EXTENSION = app;
			};
			name = Debug;
		};
		279AACE3154921A600AE35C2 /* Release */ = {
			isa = XCBuildConfiguration;
			buildSettings = {
				GCC_PRECOMPILE_PREFIX_HEADER = YES;
				GCC_PREFIX_HEADER = "Mapmatic/Mapmatic-Prefix.pch";
				GCC_VERSION = com.apple.compilers.llvm.clang.1_0;
				INFOPLIST_FILE = "Mapmatic/Mapmatic-Info.plist";
				PRODUCT_NAME = "$(TARGET_NAME)";
				WRAPPER_EXTENSION = app;
			};
			name = Release;
		};
/* End XCBuildConfiguration section */

/* Begin XCConfigurationList section */
		279AACB4154921A500AE35C2 /* Build configuration list for PBXProject "Mapmatic" */ = {
			isa = XCConfigurationList;
			buildConfigurations = (
				279AACDF154921A600AE35C2 /* Debug */,
				279AACE0154921A600AE35C2 /* Release */,
			);
			defaultConfigurationIsVisible = 0;
			defaultConfigurationName = Release;
		};
		279AACE1154921A600AE35C2 /* Build configuration list for PBXNativeTarget "Mapmatic" */ = {
			isa = XCConfigurationList;
			buildConfigurations = (
				279AACE2154921A600AE35C2 /* Debug */,
				279AACE3154921A600AE35C2 /* Release */,
			);
			defaultConfigurationIsVisible = 0;
			defaultConfigurationName = Release;
		};
/* End XCConfigurationList section */
	};
	rootObject = 279AACB1154921A500AE35C2 /* Project object */;
}
